
Microsoft Visual Studio Solution File, Format Version 12.00
# Visual Studio Version 17
VisualStudioVersion = 17.0.31919.166
MinimumVisualStudioVersion = 10.0.40219.1
Project("{FAE04EC0-301F-11D3-BF4B-00C04F79EFBC}") = "Blog.API", "Blog.API\Blog.API.csproj", "{745C7379-DE52-4712-8D74-9898FE3A26FF}"
EndProject
Project("{FAE04EC0-301F-11D3-BF4B-00C04F79EFBC}") = "Blog.Shared", "Blog.Shared\Blog.Shared.csproj", "{E8AEE5EF-FDA3-412C-A371-B3C2ECFBF941}"
EndProject
Global
	GlobalSection(SolutionConfigurationPlatforms) = preSolution
		Debug|Any CPU = Debug|Any CPU
		Release|Any CPU = Release|Any CPU
	EndGlobalSection
	GlobalSection(ProjectConfigurationPlatforms) = postSolution
		{745C7379-DE52-4712-8D74-9898FE3A26FF}.Debug|Any CPU.ActiveCfg = Debug|Any CPU
		{745C7379-DE52-4712-8D74-9898FE3A26FF}.Debug|Any CPU.Build.0 = Debug|Any CPU
		{745C7379-DE52-4712-8D74-9898FE3A26FF}.Release|Any CPU.ActiveCfg = Release|Any CPU
		{745C7379-DE52-4712-8D74-9898FE3A26FF}.Release|Any CPU.Build.0 = Release|Any CPU
		{E8AEE5EF-FDA3-412C-A371-B3C2ECFBF941}.Debug|Any CPU.ActiveCfg = Debug|Any CPU
		{E8AEE5EF-FDA3-412C-A371-B3C2ECFBF941}.Debug|Any CPU.Build.0 = Debug|Any CPU
		{E8AEE5EF-FDA3-412C-A371-B3C2ECFBF941}.Release|Any CPU.ActiveCfg = Release|Any CPU
		{E8AEE5EF-FDA3-412C-A371-B3C2ECFBF941}.Release|Any CPU.Build.0 = Release|Any CPU
	EndGlobalSection
	GlobalSection(SolutionProperties) = preSolution
		HideSolutionNode = FALSE
	EndGlobalSection
	GlobalSection(ExtensibilityGlobals) = postSolution
		SolutionGuid = {77AF6D13-6ABE-4C75-9C59-B3A5D1167597}
	EndGlobalSection
EndGlobal
